
Microsoft Visual Studio Solution File, Format Version 12.00
# Visual Studio Version 16
VisualStudioVersion = 16.0.29728.190
MinimumVisualStudioVersion = 10.0.40219.1
Project("{9A19103F-16F7-4668-BE54-9A1E7A4F7556}") = "CSharp7_8NewFeatures", "CSharp7_8NewFeatures\CSharp7_8NewFeatures.csproj", "{9B540A80-FB18-4AD4-A8BB-EA4CD4A50FAB}"
EndProject
Project("{FAE04EC0-301F-11D3-BF4B-00C04F79EFBC}") = "BenchMarks.NetFramework", "BenchMarks.NetFramework\BenchMarks.NetFramework.csproj", "{63397FC1-2F1C-4F6A-998C-60E45483C212}"
EndProject
Project("{9A19103F-16F7-4668-BE54-9A1E7A4F7556}") = "BenchMarks.Core", "BenchMarks.Core\BenchMarks.Core.csproj", "{A0EAA376-5BEE-41F8-BAE9-47FD91DB759D}"
EndProject
Project("{FAE04EC0-301F-11D3-BF4B-00C04F79EFBC}") = "structを使うときの注意点", "structを使うときの注意点\structを使うときの注意点.csproj", "{A15A1A1A-87DD-4494-AE84-A04D03B4C50E}"
EndProject
Global
	GlobalSection(SolutionConfigurationPlatforms) = preSolution
		Debug|Any CPU = Debug|Any CPU
		Release|Any CPU = Release|Any CPU
	EndGlobalSection
	GlobalSection(ProjectConfigurationPlatforms) = postSolution
		{9B540A80-FB18-4AD4-A8BB-EA4CD4A50FAB}.Debug|Any CPU.ActiveCfg = Debug|Any CPU
		{9B540A80-FB18-4AD4-A8BB-EA4CD4A50FAB}.Debug|Any CPU.Build.0 = Debug|Any CPU
		{9B540A80-FB18-4AD4-A8BB-EA4CD4A50FAB}.Release|Any CPU.ActiveCfg = Release|Any CPU
		{9B540A80-FB18-4AD4-A8BB-EA4CD4A50FAB}.Release|Any CPU.Build.0 = Release|Any CPU
		{63397FC1-2F1C-4F6A-998C-60E45483C212}.Debug|Any CPU.ActiveCfg = Debug|Any CPU
		{63397FC1-2F1C-4F6A-998C-60E45483C212}.Debug|Any CPU.Build.0 = Debug|Any CPU
		{63397FC1-2F1C-4F6A-998C-60E45483C212}.Release|Any CPU.ActiveCfg = Release|Any CPU
		{63397FC1-2F1C-4F6A-998C-60E45483C212}.Release|Any CPU.Build.0 = Release|Any CPU
		{A0EAA376-5BEE-41F8-BAE9-47FD91DB759D}.Debug|Any CPU.ActiveCfg = Debug|Any CPU
		{A0EAA376-5BEE-41F8-BAE9-47FD91DB759D}.Debug|Any CPU.Build.0 = Debug|Any CPU
		{A0EAA376-5BEE-41F8-BAE9-47FD91DB759D}.Release|Any CPU.ActiveCfg = Release|Any CPU
		{A0EAA376-5BEE-41F8-BAE9-47FD91DB759D}.Release|Any CPU.Build.0 = Release|Any CPU
		{A15A1A1A-87DD-4494-AE84-A04D03B4C50E}.Debug|Any CPU.ActiveCfg = Debug|Any CPU
		{A15A1A1A-87DD-4494-AE84-A04D03B4C50E}.Debug|Any CPU.Build.0 = Debug|Any CPU
		{A15A1A1A-87DD-4494-AE84-A04D03B4C50E}.Release|Any CPU.ActiveCfg = Release|Any CPU
		{A15A1A1A-87DD-4494-AE84-A04D03B4C50E}.Release|Any CPU.Build.0 = Release|Any CPU
	EndGlobalSection
	GlobalSection(SolutionProperties) = preSolution
		HideSolutionNode = FALSE
	EndGlobalSection
	GlobalSection(ExtensibilityGlobals) = postSolution
		SolutionGuid = {E5E1384B-F706-4F5D-B3BC-2B009A367D2E}
	EndGlobalSection
EndGlobal
